
Microsoft Visual Studio Solution File, Format Version 12.00
# Visual Studio Version 16
VisualStudioVersion = 16.0.32630.194
MinimumVisualStudioVersion = 10.0.40219.1
Project("{FAE04EC0-301F-11D3-BF4B-00C04F79EFBC}") = "JBMTS_PCD_Check", "JBMTS_PCD_Check\JBMTS_PCD_Check.csproj", "{B40C03B4-8EAE-4F57-8271-859A2EA06FA7}"
EndProject
Global
	GlobalSection(SolutionConfigurationPlatforms) = preSolution
		Debug|Any CPU = Debug|Any CPU
		Release|Any CPU = Release|Any CPU
	EndGlobalSection
	GlobalSection(ProjectConfigurationPlatforms) = postSolution
		{B40C03B4-8EAE-4F57-8271-859A2EA06FA7}.Debug|Any CPU.ActiveCfg = Debug|Any CPU
		{B40C03B4-8EAE-4F57-8271-859A2EA06FA7}.Debug|Any CPU.Build.0 = Debug|Any CPU
		{B40C03B4-8EAE-4F57-8271-859A2EA06FA7}.Release|Any CPU.ActiveCfg = Release|Any CPU
		{B40C03B4-8EAE-4F57-8271-859A2EA06FA7}.Release|Any CPU.Build.0 = Release|Any CPU
	EndGlobalSection
	GlobalSection(SolutionProperties) = preSolution
		HideSolutionNode = FALSE
	EndGlobalSection
	GlobalSection(ExtensibilityGlobals) = postSolution
		SolutionGuid = {D3B25C4A-520F-47AF-B01A-9E9CD0E50E94}
	EndGlobalSection
EndGlobal
